# THIS IS AN AUTOGENERATED FILE. DO NOT EDIT THIS FILE DIRECTLY.
# yarn lockfile v1


"@rails/actiontext@^8.0.200":
  version "8.0.200"
  resolved "https://registry.yarnpkg.com/@rails/actiontext/-/actiontext-8.0.200.tgz#b0ed8ba50ec31dd8fcc7a8885403c58b2b4f378d"
  integrity sha512-p9SVulDmWKMChQpNYFrRBGa2aIfMSw8vyCRW9bwHzihFB8eAZ1NE6ak88nr037gwurbCBv4UVdnwndtuh2piAA==
  dependencies:
    "@rails/activestorage" ">= 8.0.0-alpha"

"@rails/activestorage@>= 8.0.0-alpha":
  version "8.0.200"
  resolved "https://registry.yarnpkg.com/@rails/activestorage/-/activestorage-8.0.200.tgz#147c088e2b4167d6d49292431bdbdf10b118d5bd"
  integrity sha512-V7GnZXsAMPDWVOBv4/XpHwj5sOw5bWjidWCuUbK3Zx1xt2pOfFaeJDUG7fEWb1MwP4aW1oVVlGkJBdXVyvru0A==
  dependencies:
    spark-md5 "^3.0.1"

"@types/trusted-types@^2.0.7":
  version "2.0.7"
  resolved "https://registry.yarnpkg.com/@types/trusted-types/-/trusted-types-2.0.7.tgz#baccb07a970b91707df3a3e8ba6896c57ead2d11"
  integrity sha512-ScaPdn1dQczgbl0QFTeTOmVHFULt394XJgOQNoyVhZ6r2vLnMLJfBPd53SB52T/3G36VI1/g2MZaX0cwDuXsfw==

dompurify@^3.2.3:
  version "3.2.5"
  resolved "https://registry.yarnpkg.com/dompurify/-/dompurify-3.2.5.tgz#11b108656a5fb72b24d916df17a1421663d7129c"
  integrity sha512-mLPd29uoRe9HpvwP2TxClGQBzGXeEC/we/q+bFlmPPmj2p2Ugl3r6ATu/UU1v77DXNcehiBg9zsr1dREyA/dJQ==
  optionalDependencies:
    "@types/trusted-types" "^2.0.7"

spark-md5@^3.0.1:
  version "3.0.2"
  resolved "https://registry.yarnpkg.com/spark-md5/-/spark-md5-3.0.2.tgz#7952c4a30784347abcee73268e473b9c0167e3fc"
  integrity sha512-wcFzz9cDfbuqe0FZzfi2or1sgyIrsDwmPwfZC4hiNidPdPINjeUwNfv5kldczoEAcjl9Y1L3SM7Uz2PUEQzxQw==

trix@^2.1.13:
  version "2.1.13"
  resolved "https://registry.yarnpkg.com/trix/-/trix-2.1.13.tgz#499a5f243eb05d44c92f00ee8fdda71f2ec9fad1"
  integrity sha512-LTwj6HPo/CDL6KSclIwn41J+EwcqXHiUE43BBbg8Q/whaZcoUaODypHYoGIDd3M32KVXw98M5vC6zNCod9KB2w==
  dependencies:
    dompurify "^3.2.3"
